// !$*UTF8*$!
{
	archiveVersion = 1;
	classes = {
	};
	objectVersion = 46;
	objects = {

/* Begin PBXBuildFile section */
		6E4CC88C1A3EE521002D8E21 /* main.m in Sources */ = {isa = PBXBuildFile; fileRef = 6E4CC88B1A3EE521002D8E21 /* main.m */; };
		6E4CC88F1A3EE521002D8E21 /* AppDelegate.m in Sources */ = {isa = PBXBuildFile; fileRef = 6E4CC88E1A3EE521002D8E21 /* AppDelegate.m */; };
		6E4CC8921A3EE521002D8E21 /* GameScene.m in Sources */ = {isa = PBXBuildFile; fileRef = 6E4CC8911A3EE521002D8E21 /* GameScene.m */; };
		6E4CC8941A3EE521002D8E21 /* GameScene.sks in Resources */ = {isa = PBXBuildFile; fileRef = 6E4CC8931A3EE521002D8E21 /* GameScene.sks */; };
		6E4CC8971A3EE521002D8E21 /* GameViewController.m in Sources */ = {isa = PBXBuildFile; fileRef = 6E4CC8961A3EE521002D8E21 /* GameViewController.m */; };
		6E4CC89A1A3EE521002D8E21 /* Main.storyboard in Resources */ = {isa = PBXBuildFile; fileRef = 6E4CC8981A3EE521002D8E21 /* Main.storyboard */; };
		6E4CC89C1A3EE521002D8E21 /* Images.xcassets in Resources */ = {isa = PBXBuildFile; fileRef = 6E4CC89B1A3EE521002D8E21 /* Images.xcassets */; };
		6E4CC89F1A3EE521002D8E21 /* LaunchScreen.xib in Resources */ = {isa = PBXBuildFile; fileRef = 6E4CC89D1A3EE521002D8E21 /* LaunchScreen.xib */; };
		6E4CC8AB1A3EE521002D8E21 /* BrainGameTests.m in Sources */ = {isa = PBXBuildFile; fileRef = 6E4CC8AA1A3EE521002D8E21 /* BrainGameTests.m */; };
		6E4CC8B61A3EEB47002D8E21 /* arrowRed@2x.png in Resources */ = {isa = PBXBuildFile; fileRef = 6E4CC8B41A3EEB47002D8E21 /* arrowRed@2x.png */; };
		6E4CC8B71A3EEB47002D8E21 /* arrowGreen@2x.png in Resources */ = {isa = PBXBuildFile; fileRef = 6E4CC8B51A3EEB47002D8E21 /* arrowGreen@2x.png */; };
		6E4CC8BA1A3FD325002D8E21 /* AudioToolbox.framework in Frameworks */ = {isa = PBXBuildFile; fileRef = 6E4CC8B91A3FD325002D8E21 /* AudioToolbox.framework */; };
		6EAEF2FC1A402B13007D7621 /* AGSpriteButton.m in Sources */ = {isa = PBXBuildFile; fileRef = 6EAEF2FB1A402B13007D7621 /* AGSpriteButton.m */; };
/* End PBXBuildFile section */

/* Begin PBXContainerItemProxy section */
		6E4CC8A51A3EE521002D8E21 /* PBXContainerItemProxy */ = {
			isa = PBXContainerItemProxy;
			containerPortal = 6E4CC87E1A3EE521002D8E21 /* Project object */;
			proxyType = 1;
			remoteGlobalIDString = 6E4CC8851A3EE521002D8E21;
			remoteInfo = BrainGame;
		};
/* End PBXContainerItemProxy section */

/* Begin PBXFileReference section */
		6E4CC8861A3EE521002D8E21 /* BrainGame.app */ = {isa = PBXFileReference; explicitFileType = wrapper.application; includeInIndex = 0; path = BrainGame.app; sourceTree = BUILT_PRODUCTS_DIR; };
		6E4CC88A1A3EE521002D8E21 /* Info.plist */ = {isa = PBXFileReference; lastKnownFileType = text.plist.xml; path = Info.plist; sourceTree = "<group>"; };
		6E4CC88B1A3EE521002D8E21 /* main.m */ = {isa = PBXFileReference; lastKnownFileType = sourcecode.c.objc; path = main.m; sourceTree = "<group>"; };
		6E4CC88D1A3EE521002D8E21 /* AppDelegate.h */ = {isa = PBXFileReference; lastKnownFileType = sourcecode.c.h; path = AppDelegate.h; sourceTree = "<group>"; };
		6E4CC88E1A3EE521002D8E21 /* AppDelegate.m */ = {isa = PBXFileReference; lastKnownFileType = sourcecode.c.objc; path = AppDelegate.m; sourceTree = "<group>"; };
		6E4CC8901A3EE521002D8E21 /* GameScene.h */ = {isa = PBXFileReference; lastKnownFileType = sourcecode.c.h; path = GameScene.h; sourceTree = "<group>"; };
		6E4CC8911A3EE521002D8E21 /* GameScene.m */ = {isa = PBXFileReference; lastKnownFileType = sourcecode.c.objc; path = GameScene.m; sourceTree = "<group>"; };
		6E4CC8931A3EE521002D8E21 /* GameScene.sks */ = {isa = PBXFileReference; lastKnownFileType = file.sks; path = GameScene.sks; sourceTree = "<group>"; };
		6E4CC8951A3EE521002D8E21 /* GameViewController.h */ = {isa = PBXFileReference; lastKnownFileType = sourcecode.c.h; path = GameViewController.h; sourceTree = "<group>"; };
		6E4CC8961A3EE521002D8E21 /* GameViewController.m */ = {isa = PBXFileReference; lastKnownFileType = sourcecode.c.objc; path = GameViewController.m; sourceTree = "<group>"; };
		6E4CC8991A3EE521002D8E21 /* Base */ = {isa = PBXFileReference; lastKnownFileType = file.storyboard; name = Base; path = Base.lproj/Main.storyboard; sourceTree = "<group>"; };
		6E4CC89B1A3EE521002D8E21 /* Images.xcassets */ = {isa = PBXFileReference; lastKnownFileType = folder.assetcatalog; path = Images.xcassets; sourceTree = "<group>"; };
		6E4CC89E1A3EE521002D8E21 /* Base */ = {isa = PBXFileReference; lastKnownFileType = file.xib; name = Base; path = Base.lproj/LaunchScreen.xib; sourceTree = "<group>"; };
		6E4CC8A41A3EE521002D8E21 /* BrainGameTests.xctest */ = {isa = PBXFileReference; explicitFileType = wrapper.cfbundle; includeInIndex = 0; path = BrainGameTests.xctest; sourceTree = BUILT_PRODUCTS_DIR; };
		6E4CC8A91A3EE521002D8E21 /* Info.plist */ = {isa = PBXFileReference; lastKnownFileType = text.plist.xml; path = Info.plist; sourceTree = "<group>"; };
		6E4CC8AA1A3EE521002D8E21 /* BrainGameTests.m */ = {isa = PBXFileReference; lastKnownFileType = sourcecode.c.objc; path = BrainGameTests.m; sourceTree = "<group>"; };
		6E4CC8B41A3EEB47002D8E21 /* arrowRed@2x.png */ = {isa = PBXFileReference; lastKnownFileType = image.png; path = "arrowRed@2x.png"; sourceTree = "<group>"; };
		6E4CC8B51A3EEB47002D8E21 /* arrowGreen@2x.png */ = {isa = PBXFileReference; lastKnownFileType = image.png; path = "arrowGreen@2x.png"; sourceTree = "<group>"; };
		6E4CC8B91A3FD325002D8E21 /* AudioToolbox.framework */ = {isa = PBXFileReference; lastKnownFileType = wrapper.framework; name = AudioToolbox.framework; path = System/Library/Frameworks/AudioToolbox.framework; sourceTree = SDKROOT; };
		6EAEF2FA1A402B13007D7621 /* AGSpriteButton.h */ = {isa = PBXFileReference; fileEncoding = 4; lastKnownFileType = sourcecode.c.h; path = AGSpriteButton.h; sourceTree = "<group>"; };
		6EAEF2FB1A402B13007D7621 /* AGSpriteButton.m */ = {isa = PBXFileReference; fileEncoding = 4; lastKnownFileType = sourcecode.c.objc; path = AGSpriteButton.m; sourceTree = "<group>"; };
/* End PBXFileReference section */

/* Begin PBXFrameworksBuildPhase section */
		6E4CC8831A3EE521002D8E21 /* Frameworks */ = {
			isa = PBXFrameworksBuildPhase;
			buildActionMask = 2147483647;
			files = (
				6E4CC8BA1A3FD325002D8E21 /* AudioToolbox.framework in Frameworks */,
			);
			runOnlyForDeploymentPostprocessing = 0;
		};
		6E4CC8A11A3EE521002D8E21 /* Frameworks */ = {
			isa = PBXFrameworksBuildPhase;
			buildActionMask = 2147483647;
			files = (
			);
			runOnlyForDeploymentPostprocessing = 0;
		};
/* End PBXFrameworksBuildPhase section */

/* Begin PBXGroup section */
		6E4CC87D1A3EE521002D8E21 = {
			isa = PBXGroup;
			children = (
				6E4CC8881A3EE521002D8E21 /* BrainGame */,
				6E4CC8A71A3EE521002D8E21 /* BrainGameTests */,
				6E4CC8871A3EE521002D8E21 /* Products */,
			);
			sourceTree = "<group>";
		};
		6E4CC8871A3EE521002D8E21 /* Products */ = {
			isa = PBXGroup;
			children = (
				6E4CC8861A3EE521002D8E21 /* BrainGame.app */,
				6E4CC8A41A3EE521002D8E21 /* BrainGameTests.xctest */,
			);
			name = Products;
			sourceTree = "<group>";
		};
		6E4CC8881A3EE521002D8E21 /* BrainGame */ = {
			isa = PBXGroup;
			children = (
				6E4CC88D1A3EE521002D8E21 /* AppDelegate.h */,
				6E4CC88E1A3EE521002D8E21 /* AppDelegate.m */,
				6E4CC8901A3EE521002D8E21 /* GameScene.h */,
				6E4CC8911A3EE521002D8E21 /* GameScene.m */,
				6E4CC8931A3EE521002D8E21 /* GameScene.sks */,
				6E4CC8951A3EE521002D8E21 /* GameViewController.h */,
				6E4CC8961A3EE521002D8E21 /* GameViewController.m */,
				6E4CC8981A3EE521002D8E21 /* Main.storyboard */,
				6EAEF2F91A402B07007D7621 /* Library */,
				6E4CC89B1A3EE521002D8E21 /* Images.xcassets */,
				6E4CC89D1A3EE521002D8E21 /* LaunchScreen.xib */,
				6E4CC8B81A3EEB4C002D8E21 /* Resource */,
				6E4CC8891A3EE521002D8E21 /* Supporting Files */,
			);
			path = BrainGame;
			sourceTree = "<group>";
		};
		6E4CC8891A3EE521002D8E21 /* Supporting Files */ = {
			isa = PBXGroup;
			children = (
				6E4CC88A1A3EE521002D8E21 /* Info.plist */,
				6E4CC88B1A3EE521002D8E21 /* main.m */,
				6E4CC8BB1A3FD330002D8E21 /* FrameWork */,
			);
			name = "Supporting Files";
			sourceTree = "<group>";
		};
		6E4CC8A71A3EE521002D8E21 /* BrainGameTests */ = {
			isa = PBXGroup;
			children = (
				6E4CC8AA1A3EE521002D8E21 /* BrainGameTests.m */,
				6E4CC8A81A3EE521002D8E21 /* Supporting Files */,
			);
			path = BrainGameTests;
			sourceTree = "<group>";
		};
		6E4CC8A81A3EE521002D8E21 /* Supporting Files */ = {
			isa = PBXGroup;
			children = (
				6E4CC8A91A3EE521002D8E21 /* Info.plist */,
			);
			name = "Supporting Files";
			sourceTree = "<group>";
		};
		6E4CC8B81A3EEB4C002D8E21 /* Resource */ = {
			isa = PBXGroup;
			children = (
				6E4CC8B41A3EEB47002D8E21 /* arrowRed@2x.png */,
				6E4CC8B51A3EEB47002D8E21 /* arrowGreen@2x.png */,
			);
			name = Resource;
			sourceTree = "<group>";
		};
		6E4CC8BB1A3FD330002D8E21 /* FrameWork */ = {
			isa = PBXGroup;
			children = (
				6E4CC8B91A3FD325002D8E21 /* AudioToolbox.framework */,
			);
			name = FrameWork;
			sourceTree = "<group>";
		};
		6EAEF2F91A402B07007D7621 /* Library */ = {
			isa = PBXGroup;
			children = (
				6EAEF2FD1A402B17007D7621 /* SpriteButton */,
			);
			name = Library;
			sourceTree = "<group>";
		};
		6EAEF2FD1A402B17007D7621 /* SpriteButton */ = {
			isa = PBXGroup;
			children = (
				6EAEF2FA1A402B13007D7621 /* AGSpriteButton.h */,
				6EAEF2FB1A402B13007D7621 /* AGSpriteButton.m */,
			);
			name = SpriteButton;
			sourceTree = "<group>";
		};
/* End PBXGroup section */

/* Begin PBXNativeTarget section */
		6E4CC8851A3EE521002D8E21 /* BrainGame */ = {
			isa = PBXNativeTarget;
			buildConfigurationList = 6E4CC8AE1A3EE521002D8E21 /* Build configuration list for PBXNativeTarget "BrainGame" */;
			buildPhases = (
				6E4CC8821A3EE521002D8E21 /* Sources */,
				6E4CC8831A3EE521002D8E21 /* Frameworks */,
				6E4CC8841A3EE521002D8E21 /* Resources */,
			);
			buildRules = (
			);
			dependencies = (
			);
			name = BrainGame;
			productName = BrainGame;
			productReference = 6E4CC8861A3EE521002D8E21 /* BrainGame.app */;
			productType = "com.apple.product-type.application";
		};
		6E4CC8A31A3EE521002D8E21 /* BrainGameTests */ = {
			isa = PBXNativeTarget;
			buildConfigurationList = 6E4CC8B11A3EE521002D8E21 /* Build configuration list for PBXNativeTarget "BrainGameTests" */;
			buildPhases = (
				6E4CC8A01A3EE521002D8E21 /* Sources */,
				6E4CC8A11A3EE521002D8E21 /* Frameworks */,
				6E4CC8A21A3EE521002D8E21 /* Resources */,
			);
			buildRules = (
			);
			dependencies = (
				6E4CC8A61A3EE521002D8E21 /* PBXTargetDependency */,
			);
			name = BrainGameTests;
			productName = BrainGameTests;
			productReference = 6E4CC8A41A3EE521002D8E21 /* BrainGameTests.xctest */;
			productType = "com.apple.product-type.bundle.unit-test";
		};
/* End PBXNativeTarget section */

/* Begin PBXProject section */
		6E4CC87E1A3EE521002D8E21 /* Project object */ = {
			isa = PBXProject;
			attributes = {
				LastUpgradeCheck = 0610;
				ORGANIZATIONNAME = "Lê Công";
				TargetAttributes = {
					6E4CC8851A3EE521002D8E21 = {
						CreatedOnToolsVersion = 6.1.1;
					};
					6E4CC8A31A3EE521002D8E21 = {
						CreatedOnToolsVersion = 6.1.1;
						TestTargetID = 6E4CC8851A3EE521002D8E21;
					};
				};
			};
			buildConfigurationList = 6E4CC8811A3EE521002D8E21 /* Build configuration list for PBXProject "BrainGame" */;
			compatibilityVersion = "Xcode 3.2";
			developmentRegion = English;
			hasScannedForEncodings = 0;
			knownRegions = (
				en,
				Base,
			);
			mainGroup = 6E4CC87D1A3EE521002D8E21;
			productRefGroup = 6E4CC8871A3EE521002D8E21 /* Products */;
			projectDirPath = "";
			projectRoot = "";
			targets = (
				6E4CC8851A3EE521002D8E21 /* BrainGame */,
				6E4CC8A31A3EE521002D8E21 /* BrainGameTests */,
			);
		};
/* End PBXProject section */

/* Begin PBXResourcesBuildPhase section */
		6E4CC8841A3EE521002D8E21 /* Resources */ = {
			isa = PBXResourcesBuildPhase;
			buildActionMask = 2147483647;
			files = (
				6E4CC89F1A3EE521002D8E21 /* LaunchScreen.xib in Resources */,
				6E4CC89C1A3EE521002D8E21 /* Images.xcassets in Resources */,
				6E4CC8B71A3EEB47002D8E21 /* arrowGreen@2x.png in Resources */,
				6E4CC8941A3EE521002D8E21 /* GameScene.sks in Resources */,
				6E4CC89A1A3EE521002D8E21 /* Main.storyboard in Resources */,
				6E4CC8B61A3EEB47002D8E21 /* arrowRed@2x.png in Resources */,
			);
			runOnlyForDeploymentPostprocessing = 0;
		};
		6E4CC8A21A3EE521002D8E21 /* Resources */ = {
			isa = PBXResourcesBuildPhase;
			buildActionMask = 2147483647;
			files = (
			);
			runOnlyForDeploymentPostprocessing = 0;
		};
/* End PBXResourcesBuildPhase section */

/* Begin PBXSourcesBuildPhase section */
		6E4CC8821A3EE521002D8E21 /* Sources */ = {
			isa = PBXSourcesBuildPhase;
			buildActionMask = 2147483647;
			files = (
				6E4CC8971A3EE521002D8E21 /* GameViewController.m in Sources */,
				6E4CC88F1A3EE521002D8E21 /* AppDelegate.m in Sources */,
				6EAEF2FC1A402B13007D7621 /* AGSpriteButton.m in Sources */,
				6E4CC8921A3EE521002D8E21 /* GameScene.m in Sources */,
				6E4CC88C1A3EE521002D8E21 /* main.m in Sources */,
			);
			runOnlyForDeploymentPostprocessing = 0;
		};
		6E4CC8A01A3EE521002D8E21 /* Sources */ = {
			isa = PBXSourcesBuildPhase;
			buildActionMask = 2147483647;
			files = (
				6E4CC8AB1A3EE521002D8E21 /* BrainGameTests.m in Sources */,
			);
			runOnlyForDeploymentPostprocessing = 0;
		};
/* End PBXSourcesBuildPhase section */

/* Begin PBXTargetDependency section */
		6E4CC8A61A3EE521002D8E21 /* PBXTargetDependency */ = {
			isa = PBXTargetDependency;
			target = 6E4CC8851A3EE521002D8E21 /* BrainGame */;
			targetProxy = 6E4CC8A51A3EE521002D8E21 /* PBXContainerItemProxy */;
		};
/* End PBXTargetDependency section */

/* Begin PBXVariantGroup section */
		6E4CC8981A3EE521002D8E21 /* Main.storyboard */ = {
			isa = PBXVariantGroup;
			children = (
				6E4CC8991A3EE521002D8E21 /* Base */,
			);
			name = Main.storyboard;
			sourceTree = "<group>";
		};
		6E4CC89D1A3EE521002D8E21 /* LaunchScreen.xib */ = {
			isa = PBXVariantGroup;
			children = (
				6E4CC89E1A3EE521002D8E21 /* Base */,
			);
			name = LaunchScreen.xib;
			sourceTree = "<group>";
		};
/* End PBXVariantGroup section */

/* Begin XCBuildConfiguration section */
		6E4CC8AC1A3EE521002D8E21 /* Debug */ = {
			isa = XCBuildConfiguration;
			buildSettings = {
				ALWAYS_SEARCH_USER_PATHS = NO;
				CLANG_CXX_LANGUAGE_STANDARD = "gnu++0x";
				CLANG_CXX_LIBRARY = "libc++";
				CLANG_ENABLE_MODULES = YES;
				CLANG_ENABLE_OBJC_ARC = YES;
				CLANG_WARN_BOOL_CONVERSION = YES;
				CLANG_WARN_CONSTANT_CONVERSION = YES;
				CLANG_WARN_DIRECT_OBJC_ISA_USAGE = YES_ERROR;
				CLANG_WARN_EMPTY_BODY = YES;
				CLANG_WARN_ENUM_CONVERSION = YES;
				CLANG_WARN_INT_CONVERSION = YES;
				CLANG_WARN_OBJC_ROOT_CLASS = YES_ERROR;
				CLANG_WARN_UNREACHABLE_CODE = YES;
				CLANG_WARN__DUPLICATE_METHOD_MATCH = YES;
				"CODE_SIGN_IDENTITY[sdk=iphoneos*]" = "iPhone Developer";
				COPY_PHASE_STRIP = NO;
				ENABLE_STRICT_OBJC_MSGSEND = YES;
				GCC_C_LANGUAGE_STANDARD = gnu99;
				GCC_DYNAMIC_NO_PIC = NO;
				GCC_OPTIMIZATION_LEVEL = 0;
				GCC_PREPROCESSOR_DEFINITIONS = (
					"DEBUG=1",
					"$(inherited)",
				);
				GCC_SYMBOLS_PRIVATE_EXTERN = NO;
				GCC_WARN_64_TO_32_BIT_CONVERSION = YES;
				GCC_WARN_ABOUT_RETURN_TYPE = YES_ERROR;
				GCC_WARN_UNDECLARED_SELECTOR = YES;
				GCC_WARN_UNINITIALIZED_AUTOS = YES_AGGRESSIVE;
				GCC_WARN_UNUSED_FUNCTION = YES;
				GCC_WARN_UNUSED_VARIABLE = YES;
				IPHONEOS_DEPLOYMENT_TARGET = 8.1;
				MTL_ENABLE_DEBUG_INFO = YES;
				ONLY_ACTIVE_ARCH = YES;
				SDKROOT = iphoneos;
			};
			name = Debug;
		};
		6E4CC8AD1A3EE521002D8E21 /* Release */ = {
			isa = XCBuildConfiguration;
			buildSettings = {
				ALWAYS_SEARCH_USER_PATHS = NO;
				CLANG_CXX_LANGUAGE_STANDARD = "gnu++0x";
				CLANG_CXX_LIBRARY = "libc++";
				CLANG_ENABLE_MODULES = YES;
				CLANG_ENABLE_OBJC_ARC = YES;
				CLANG_WARN_BOOL_CONVERSION = YES;
				CLANG_WARN_CONSTANT_CONVERSION = YES;
				CLANG_WARN_DIRECT_OBJC_ISA_USAGE = YES_ERROR;
				CLANG_WARN_EMPTY_BODY = YES;
				CLANG_WARN_ENUM_CONVERSION = YES;
				CLANG_WARN_INT_CONVERSION = YES;
				CLANG_WARN_OBJC_ROOT_CLASS = YES_ERROR;
				CLANG_WARN_UNREACHABLE_CODE = YES;
				CLANG_WARN__DUPLICATE_METHOD_MATCH = YES;
				"CODE_SIGN_IDENTITY[sdk=iphoneos*]" = "iPhone Developer";
				COPY_PHASE_STRIP = YES;
				ENABLE_NS_ASSERTIONS = NO;
				ENABLE_STRICT_OBJC_MSGSEND = YES;
				GCC_C_LANGUAGE_STANDARD = gnu99;
				GCC_WARN_64_TO_32_BIT_CONVERSION = YES;
				GCC_WARN_ABOUT_RETURN_TYPE = YES_ERROR;
				GCC_WARN_UNDECLARED_SELECTOR = YES;
				GCC_WARN_UNINITIALIZED_AUTOS = YES_AGGRESSIVE;
				GCC_WARN_UNUSED_FUNCTION = YES;
				GCC_WARN_UNUSED_VARIABLE = YES;
				IPHONEOS_DEPLOYMENT_TARGET = 8.1;
				MTL_ENABLE_DEBUG_INFO = NO;
				SDKROOT = iphoneos;
				VALIDATE_PRODUCT = YES;
			};
			name = Release;
		};
		6E4CC8AF1A3EE521002D8E21 /* Debug */ = {
			isa = XCBuildConfiguration;
			buildSettings = {
				ASSETCATALOG_COMPILER_APPICON_NAME = AppIcon;
				ASSETCATALOG_COMPILER_LAUNCHIMAGE_NAME = LaunchImage;
				INFOPLIST_FILE = BrainGame/Info.plist;
				IPHONEOS_DEPLOYMENT_TARGET = 7.0;
				LD_RUNPATH_SEARCH_PATHS = "$(inherited) @executable_path/Frameworks";
				PRODUCT_NAME = "$(TARGET_NAME)";
			};
			name = Debug;
		};
		6E4CC8B01A3EE521002D8E21 /* Release */ = {
			isa = XCBuildConfiguration;
			buildSettings = {
				ASSETCATALOG_COMPILER_APPICON_NAME = AppIcon;
				ASSETCATALOG_COMPILER_LAUNCHIMAGE_NAME = LaunchImage;
				INFOPLIST_FILE = BrainGame/Info.plist;
				IPHONEOS_DEPLOYMENT_TARGET = 7.0;
				LD_RUNPATH_SEARCH_PATHS = "$(inherited) @executable_path/Frameworks";
				PRODUCT_NAME = "$(TARGET_NAME)";
			};
			name = Release;
		};
		6E4CC8B21A3EE521002D8E21 /* Debug */ = {
			isa = XCBuildConfiguration;
			buildSettings = {
				BUNDLE_LOADER = "$(TEST_HOST)";
				FRAMEWORK_SEARCH_PATHS = (
					"$(SDKROOT)/Developer/Library/Frameworks",
					"$(inherited)",
				);
				GCC_PREPROCESSOR_DEFINITIONS = (
					"DEBUG=1",
					"$(inherited)",
				);
				INFOPLIST_FILE = BrainGameTests/Info.plist;
				LD_RUNPATH_SEARCH_PATHS = "$(inherited) @executable_path/Frameworks @loader_path/Frameworks";
				PRODUCT_NAME = "$(TARGET_NAME)";
				TEST_HOST = "$(BUILT_PRODUCTS_DIR)/BrainGame.app/BrainGame";
			};
			name = Debug;
		};
		6E4CC8B31A3EE521002D8E21 /* Release */ = {
			isa = XCBuildConfiguration;
			buildSettings = {
				BUNDLE_LOADER = "$(TEST_HOST)";
				FRAMEWORK_SEARCH_PATHS = (
					"$(SDKROOT)/Developer/Library/Frameworks",
					"$(inherited)",
				);
				INFOPLIST_FILE = BrainGameTests/Info.plist;
				LD_RUNPATH_SEARCH_PATHS = "$(inherited) @executable_path/Frameworks @loader_path/Frameworks";
				PRODUCT_NAME = "$(TARGET_NAME)";
				TEST_HOST = "$(BUILT_PRODUCTS_DIR)/BrainGame.app/BrainGame";
			};
			name = Release;
		};
/* End XCBuildConfiguration section */

/* Begin XCConfigurationList section */
		6E4CC8811A3EE521002D8E21 /* Build configuration list for PBXProject "BrainGame" */ = {
			isa = XCConfigurationList;
			buildConfigurations = (
				6E4CC8AC1A3EE521002D8E21 /* Debug */,
				6E4CC8AD1A3EE521002D8E21 /* Release */,
			);
			defaultConfigurationIsVisible = 0;
			defaultConfigurationName = Release;
		};
		6E4CC8AE1A3EE521002D8E21 /* Build configuration list for PBXNativeTarget "BrainGame" */ = {
			isa = XCConfigurationList;
			buildConfigurations = (
				6E4CC8AF1A3EE521002D8E21 /* Debug */,
				6E4CC8B01A3EE521002D8E21 /* Release */,
			);
			defaultConfigurationIsVisible = 0;
			defaultConfigurationName = Release;
		};
		6E4CC8B11A3EE521002D8E21 /* Build configuration list for PBXNativeTarget "BrainGameTests" */ = {
			isa = XCConfigurationList;
			buildConfigurations = (
				6E4CC8B21A3EE521002D8E21 /* Debug */,
				6E4CC8B31A3EE521002D8E21 /* Release */,
			);
			defaultConfigurationIsVisible = 0;
			defaultConfigurationName = Release;
		};
/* End XCConfigurationList section */
	};
	rootObject = 6E4CC87E1A3EE521002D8E21 /* Project object */;
}
